
Microsoft Visual Studio Solution File, Format Version 12.00
# Visual Studio Version 16
VisualStudioVersion = 16.0.31624.102
MinimumVisualStudioVersion = 10.0.40219.1
Project("{2150E333-8FDC-42A3-9474-1A3956D46DE8}") = "_root", "_root", "{753E6246-64FC-44F5-BB43-39AFB2734B06}"
	ProjectSection(SolutionItems) = preProject
		.editorconfig = .editorconfig
		.gitignore = .gitignore
		development.local.props = development.local.props
		development.local.targets = development.local.targets
		global.json = global.json
		LICENSE.txt = LICENSE.txt
		nuget.config = nuget.config
		README.md = README.md
		RhinobytePackageIcon.png = RhinobytePackageIcon.png
		solution.props = solution.props
		solution.targets = solution.targets
	EndProjectSection
EndProject
Project("{2150E333-8FDC-42A3-9474-1A3956D46DE8}") = "devops", "devops", "{F32BFCA0-2478-44A5-A122-31F722D5A279}"
	ProjectSection(SolutionItems) = preProject
		devops\create-code-coverage-report = devops\create-code-coverage-report
	EndProjectSection
EndProject
Project("{2150E333-8FDC-42A3-9474-1A3956D46DE8}") = "src", "src", "{2C0C7F28-E5F3-4966-BCB6-0963D7BD5FBE}"
	ProjectSection(SolutionItems) = preProject
		src\directory.build.props = src\directory.build.props
		src\directory.build.targets = src\directory.build.targets
	EndProjectSection
EndProject
Project("{2150E333-8FDC-42A3-9474-1A3956D46DE8}") = "tests", "tests", "{C7DE61D8-0FD5-4E16-AD6C-C7085DA1BCF7}"
	ProjectSection(SolutionItems) = preProject
		tests\.editorconfig = tests\.editorconfig
		tests\directory.build.props = tests\directory.build.props
		tests\directory.build.targets = tests\directory.build.targets
	EndProjectSection
EndProject
Project("{9A19103F-16F7-4668-BE54-9A1E7A4F7556}") = "Rhinobyte.Tools.CustomProjectReference", "src\Rhinobyte.Tools.CustomProjectReference\Rhinobyte.Tools.CustomProjectReference.csproj", "{860A644A-6CE8-4496-9818-9488C0480A37}"
EndProject
Project("{9A19103F-16F7-4668-BE54-9A1E7A4F7556}") = "Rhinobyte.Tools.CustomProjectReference.Tests", "tests\Rhinobyte.Tools.CustomProjectReference.Tests\Rhinobyte.Tools.CustomProjectReference.Tests.csproj", "{9EC0E815-3759-4B3D-9483-88136754D473}"
EndProject
Project("{00D1A9C2-B5F0-4AF3-8072-F6C62B433612}") = "TestDatabaseOne", "tests\TestDatabaseOne\TestDatabaseOne.sqlproj", "{EC277F7C-9C70-4580-8ACE-F201D16E2C7F}"
EndProject
Project("{FAE04EC0-301F-11D3-BF4B-00C04F79EFBC}") = "TestClassLibraryOne", "tests\TestClassLibraryOne\TestClassLibraryOne.csproj", "{30BAF3F1-4234-4DCD-A850-54C9AD951FFF}"
EndProject
Global
	GlobalSection(SolutionConfigurationPlatforms) = preSolution
		Debug|Any CPU = Debug|Any CPU
		Release|Any CPU = Release|Any CPU
		ReleaseTesting|Any CPU = ReleaseTesting|Any CPU
	EndGlobalSection
	GlobalSection(ProjectConfigurationPlatforms) = postSolution
		{860A644A-6CE8-4496-9818-9488C0480A37}.Debug|Any CPU.ActiveCfg = Debug|Any CPU
		{860A644A-6CE8-4496-9818-9488C0480A37}.Debug|Any CPU.Build.0 = Debug|Any CPU
		{860A644A-6CE8-4496-9818-9488C0480A37}.Release|Any CPU.ActiveCfg = Release|Any CPU
		{860A644A-6CE8-4496-9818-9488C0480A37}.Release|Any CPU.Build.0 = Release|Any CPU
		{860A644A-6CE8-4496-9818-9488C0480A37}.ReleaseTesting|Any CPU.ActiveCfg = ReleaseTesting|Any CPU
		{860A644A-6CE8-4496-9818-9488C0480A37}.ReleaseTesting|Any CPU.Build.0 = ReleaseTesting|Any CPU
		{9EC0E815-3759-4B3D-9483-88136754D473}.Debug|Any CPU.ActiveCfg = Debug|Any CPU
		{9EC0E815-3759-4B3D-9483-88136754D473}.Debug|Any CPU.Build.0 = Debug|Any CPU
		{9EC0E815-3759-4B3D-9483-88136754D473}.Release|Any CPU.ActiveCfg = ReleaseTesting|Any CPU
		{9EC0E815-3759-4B3D-9483-88136754D473}.Release|Any CPU.Build.0 = ReleaseTesting|Any CPU
		{9EC0E815-3759-4B3D-9483-88136754D473}.ReleaseTesting|Any CPU.ActiveCfg = ReleaseTesting|Any CPU
		{9EC0E815-3759-4B3D-9483-88136754D473}.ReleaseTesting|Any CPU.Build.0 = ReleaseTesting|Any CPU
		{EC277F7C-9C70-4580-8ACE-F201D16E2C7F}.Debug|Any CPU.ActiveCfg = Debug|Any CPU
		{EC277F7C-9C70-4580-8ACE-F201D16E2C7F}.Debug|Any CPU.Build.0 = Debug|Any CPU
		{EC277F7C-9C70-4580-8ACE-F201D16E2C7F}.Debug|Any CPU.Deploy.0 = Debug|Any CPU
		{EC277F7C-9C70-4580-8ACE-F201D16E2C7F}.Release|Any CPU.ActiveCfg = Release|Any CPU
		{EC277F7C-9C70-4580-8ACE-F201D16E2C7F}.Release|Any CPU.Build.0 = Release|Any CPU
		{EC277F7C-9C70-4580-8ACE-F201D16E2C7F}.Release|Any CPU.Deploy.0 = Release|Any CPU
		{EC277F7C-9C70-4580-8ACE-F201D16E2C7F}.ReleaseTesting|Any CPU.ActiveCfg = ReleaseTesting|Any CPU
		{EC277F7C-9C70-4580-8ACE-F201D16E2C7F}.ReleaseTesting|Any CPU.Build.0 = ReleaseTesting|Any CPU
		{EC277F7C-9C70-4580-8ACE-F201D16E2C7F}.ReleaseTesting|Any CPU.Deploy.0 = ReleaseTesting|Any CPU
		{30BAF3F1-4234-4DCD-A850-54C9AD951FFF}.Debug|Any CPU.ActiveCfg = Debug|Any CPU
		{30BAF3F1-4234-4DCD-A850-54C9AD951FFF}.Debug|Any CPU.Build.0 = Debug|Any CPU
		{30BAF3F1-4234-4DCD-A850-54C9AD951FFF}.Release|Any CPU.ActiveCfg = ReleaseTesting|Any CPU
		{30BAF3F1-4234-4DCD-A850-54C9AD951FFF}.Release|Any CPU.Build.0 = ReleaseTesting|Any CPU
		{30BAF3F1-4234-4DCD-A850-54C9AD951FFF}.ReleaseTesting|Any CPU.ActiveCfg = ReleaseTesting|Any CPU
		{30BAF3F1-4234-4DCD-A850-54C9AD951FFF}.ReleaseTesting|Any CPU.Build.0 = ReleaseTesting|Any CPU
	EndGlobalSection
	GlobalSection(SolutionProperties) = preSolution
		HideSolutionNode = FALSE
	EndGlobalSection
	GlobalSection(NestedProjects) = preSolution
		{860A644A-6CE8-4496-9818-9488C0480A37} = {2C0C7F28-E5F3-4966-BCB6-0963D7BD5FBE}
		{9EC0E815-3759-4B3D-9483-88136754D473} = {C7DE61D8-0FD5-4E16-AD6C-C7085DA1BCF7}
		{EC277F7C-9C70-4580-8ACE-F201D16E2C7F} = {C7DE61D8-0FD5-4E16-AD6C-C7085DA1BCF7}
		{30BAF3F1-4234-4DCD-A850-54C9AD951FFF} = {C7DE61D8-0FD5-4E16-AD6C-C7085DA1BCF7}
	EndGlobalSection
	GlobalSection(ExtensibilityGlobals) = postSolution
		SolutionGuid = {C9D46380-968F-4E71-8DEF-6D722DD1C69D}
	EndGlobalSection
EndGlobal
